
Microsoft Visual Studio Solution File, Format Version 12.00
# Visual Studio Version 17
VisualStudioVersion = 17.6.33801.468
MinimumVisualStudioVersion = 10.0.40219.1
Project("{FAE04EC0-301F-11D3-BF4B-00C04F79EFBC}") = "Server", "Server.csproj", "{F36B8A07-4C52-423C-B10B-B0714822B9DB}"
EndProject
Global
	GlobalSection(SolutionConfigurationPlatforms) = preSolution
		Debug|Any CPU = Debug|Any CPU
		Release|Any CPU = Release|Any CPU
	EndGlobalSection
	GlobalSection(ProjectConfigurationPlatforms) = postSolution
		{F36B8A07-4C52-423C-B10B-B0714822B9DB}.Debug|Any CPU.ActiveCfg = Debug|Any CPU
		{F36B8A07-4C52-423C-B10B-B0714822B9DB}.Debug|Any CPU.Build.0 = Debug|Any CPU
		{F36B8A07-4C52-423C-B10B-B0714822B9DB}.Release|Any CPU.ActiveCfg = Release|Any CPU
		{F36B8A07-4C52-423C-B10B-B0714822B9DB}.Release|Any CPU.Build.0 = Release|Any CPU
	EndGlobalSection
	GlobalSection(SolutionProperties) = preSolution
		HideSolutionNode = FALSE
	EndGlobalSection
	GlobalSection(ExtensibilityGlobals) = postSolution
		SolutionGuid = {1487A4DE-6554-475E-8C37-FEEE0912F667}
	EndGlobalSection
EndGlobal
